
Microsoft Visual Studio Solution File, Format Version 12.00
# Visual Studio Version 17
VisualStudioVersion = 17.14.36310.24 d17.14
MinimumVisualStudioVersion = 10.0.40219.1
Project("{FAE04EC0-301F-11D3-BF4B-00C04F79EFBC}") = "task2Lec3", "task2Lec3\task2Lec3.csproj", "{A96B293F-ED09-4D25-B399-E44107B70FF1}"
EndProject
Global
	GlobalSection(SolutionConfigurationPlatforms) = preSolution
		Debug|Any CPU = Debug|Any CPU
		Release|Any CPU = Release|Any CPU
	EndGlobalSection
	GlobalSection(ProjectConfigurationPlatforms) = postSolution
		{A96B293F-ED09-4D25-B399-E44107B70FF1}.Debug|Any CPU.ActiveCfg = Debug|Any CPU
		{A96B293F-ED09-4D25-B399-E44107B70FF1}.Debug|Any CPU.Build.0 = Debug|Any CPU
		{A96B293F-ED09-4D25-B399-E44107B70FF1}.Release|Any CPU.ActiveCfg = Release|Any CPU
		{A96B293F-ED09-4D25-B399-E44107B70FF1}.Release|Any CPU.Build.0 = Release|Any CPU
	EndGlobalSection
	GlobalSection(SolutionProperties) = preSolution
		HideSolutionNode = FALSE
	EndGlobalSection
	GlobalSection(ExtensibilityGlobals) = postSolution
		SolutionGuid = {F343B5BB-D44B-426F-8FE9-78F387188F10}
	EndGlobalSection
EndGlobal
