
Microsoft Visual Studio Solution File, Format Version 12.00
# Visual Studio Version 17
VisualStudioVersion = 17.14.36310.24 d17.14
MinimumVisualStudioVersion = 10.0.40219.1
Project("{FAE04EC0-301F-11D3-BF4B-00C04F79EFBC}") = "TASKLEC99", "TASKLEC99\TASKLEC99.csproj", "{F3F1D87C-1F04-4C14-8A0F-B745315277CE}"
EndProject
Global
	GlobalSection(SolutionConfigurationPlatforms) = preSolution
		Debug|Any CPU = Debug|Any CPU
		Release|Any CPU = Release|Any CPU
	EndGlobalSection
	GlobalSection(ProjectConfigurationPlatforms) = postSolution
		{F3F1D87C-1F04-4C14-8A0F-B745315277CE}.Debug|Any CPU.ActiveCfg = Debug|Any CPU
		{F3F1D87C-1F04-4C14-8A0F-B745315277CE}.Debug|Any CPU.Build.0 = Debug|Any CPU
		{F3F1D87C-1F04-4C14-8A0F-B745315277CE}.Release|Any CPU.ActiveCfg = Release|Any CPU
		{F3F1D87C-1F04-4C14-8A0F-B745315277CE}.Release|Any CPU.Build.0 = Release|Any CPU
	EndGlobalSection
	GlobalSection(SolutionProperties) = preSolution
		HideSolutionNode = FALSE
	EndGlobalSection
	GlobalSection(ExtensibilityGlobals) = postSolution
		SolutionGuid = {B76AC181-9E29-4BD8-8113-8F5A11475775}
	EndGlobalSection
EndGlobal
