
Microsoft Visual Studio Solution File, Format Version 12.00
# Visual Studio Version 17
VisualStudioVersion = 17.14.36310.24 d17.14
MinimumVisualStudioVersion = 10.0.40219.1
Project("{FAE04EC0-301F-11D3-BF4B-00C04F79EFBC}") = "SearchStardard", "SearchStardard\SearchStardard.csproj", "{AF4F2B51-ED12-4695-BB5C-8EC92FA1362F}"
EndProject
Global
	GlobalSection(SolutionConfigurationPlatforms) = preSolution
		Debug|Any CPU = Debug|Any CPU
		Release|Any CPU = Release|Any CPU
	EndGlobalSection
	GlobalSection(ProjectConfigurationPlatforms) = postSolution
		{AF4F2B51-ED12-4695-BB5C-8EC92FA1362F}.Debug|Any CPU.ActiveCfg = Debug|Any CPU
		{AF4F2B51-ED12-4695-BB5C-8EC92FA1362F}.Debug|Any CPU.Build.0 = Debug|Any CPU
		{AF4F2B51-ED12-4695-BB5C-8EC92FA1362F}.Release|Any CPU.ActiveCfg = Release|Any CPU
		{AF4F2B51-ED12-4695-BB5C-8EC92FA1362F}.Release|Any CPU.Build.0 = Release|Any CPU
	EndGlobalSection
	GlobalSection(SolutionProperties) = preSolution
		HideSolutionNode = FALSE
	EndGlobalSection
	GlobalSection(ExtensibilityGlobals) = postSolution
		SolutionGuid = {FC9E7035-9A94-467C-B8CB-8A4308B2D758}
	EndGlobalSection
EndGlobal
