
Microsoft Visual Studio Solution File, Format Version 12.00
# Visual Studio Version 17
VisualStudioVersion = 17.14.36310.24 d17.14
MinimumVisualStudioVersion = 10.0.40219.1
Project("{FAE04EC0-301F-11D3-BF4B-00C04F79EFBC}") = "Lec7", "Lec7\Lec7.csproj", "{DDDD12A7-3A17-4DBC-BB0C-2B9BAE95DBDD}"
EndProject
Global
	GlobalSection(SolutionConfigurationPlatforms) = preSolution
		Debug|Any CPU = Debug|Any CPU
		Release|Any CPU = Release|Any CPU
	EndGlobalSection
	GlobalSection(ProjectConfigurationPlatforms) = postSolution
		{DDDD12A7-3A17-4DBC-BB0C-2B9BAE95DBDD}.Debug|Any CPU.ActiveCfg = Debug|Any CPU
		{DDDD12A7-3A17-4DBC-BB0C-2B9BAE95DBDD}.Debug|Any CPU.Build.0 = Debug|Any CPU
		{DDDD12A7-3A17-4DBC-BB0C-2B9BAE95DBDD}.Release|Any CPU.ActiveCfg = Release|Any CPU
		{DDDD12A7-3A17-4DBC-BB0C-2B9BAE95DBDD}.Release|Any CPU.Build.0 = Release|Any CPU
	EndGlobalSection
	GlobalSection(SolutionProperties) = preSolution
		HideSolutionNode = FALSE
	EndGlobalSection
	GlobalSection(ExtensibilityGlobals) = postSolution
		SolutionGuid = {E227B161-781F-426F-8A9A-895C768ADCEE}
	EndGlobalSection
EndGlobal
