
Microsoft Visual Studio Solution File, Format Version 12.00
# Visual Studio Version 17
VisualStudioVersion = 17.14.36310.24 d17.14
MinimumVisualStudioVersion = 10.0.40219.1
Project("{FAE04EC0-301F-11D3-BF4B-00C04F79EFBC}") = "Lec6", "Lec6\Lec6.csproj", "{D46C8D63-05BF-4750-B1B8-44A57E53C7FE}"
EndProject
Global
	GlobalSection(SolutionConfigurationPlatforms) = preSolution
		Debug|Any CPU = Debug|Any CPU
		Release|Any CPU = Release|Any CPU
	EndGlobalSection
	GlobalSection(ProjectConfigurationPlatforms) = postSolution
		{D46C8D63-05BF-4750-B1B8-44A57E53C7FE}.Debug|Any CPU.ActiveCfg = Debug|Any CPU
		{D46C8D63-05BF-4750-B1B8-44A57E53C7FE}.Debug|Any CPU.Build.0 = Debug|Any CPU
		{D46C8D63-05BF-4750-B1B8-44A57E53C7FE}.Release|Any CPU.ActiveCfg = Release|Any CPU
		{D46C8D63-05BF-4750-B1B8-44A57E53C7FE}.Release|Any CPU.Build.0 = Release|Any CPU
	EndGlobalSection
	GlobalSection(SolutionProperties) = preSolution
		HideSolutionNode = FALSE
	EndGlobalSection
	GlobalSection(ExtensibilityGlobals) = postSolution
		SolutionGuid = {1F5F54C1-AD78-4C89-8DA7-776D98D3A86C}
	EndGlobalSection
EndGlobal
